
Microsoft Visual Studio Solution File, Format Version 12.00
# Visual Studio Version 16
VisualStudioVersion = 16.0.29201.188
MinimumVisualStudioVersion = 10.0.40219.1
Project("{FAE04EC0-301F-11D3-BF4B-00C04F79EFBC}") = "ProRecruiter", "ProRecruiter.csproj", "{F47DEBAB-4060-4199-BB6B-C15A1409A8FC}"
EndProject
Global
	GlobalSection(SolutionConfigurationPlatforms) = preSolution
		Debug|Any CPU = Debug|Any CPU
		Release|Any CPU = Release|Any CPU
	EndGlobalSection
	GlobalSection(ProjectConfigurationPlatforms) = postSolution
		{F47DEBAB-4060-4199-BB6B-C15A1409A8FC}.Debug|Any CPU.ActiveCfg = Debug|Any CPU
		{F47DEBAB-4060-4199-BB6B-C15A1409A8FC}.Debug|Any CPU.Build.0 = Debug|Any CPU
		{F47DEBAB-4060-4199-BB6B-C15A1409A8FC}.Release|Any CPU.ActiveCfg = Release|Any CPU
		{F47DEBAB-4060-4199-BB6B-C15A1409A8FC}.Release|Any CPU.Build.0 = Release|Any CPU
	EndGlobalSection
	GlobalSection(SolutionProperties) = preSolution
		HideSolutionNode = FALSE
	EndGlobalSection
	GlobalSection(ExtensibilityGlobals) = postSolution
		SolutionGuid = {B77FA8F7-6AA8-4E66-85E9-FB13FA9CEAF8}
	EndGlobalSection
EndGlobal
